
Microsoft Visual Studio Solution File, Format Version 12.00
# Visual Studio Version 16
VisualStudioVersion = 16.0.30517.126
MinimumVisualStudioVersion = 10.0.40219.1
Project("{FAE04EC0-301F-11D3-BF4B-00C04F79EFBC}") = "FolderDiff", "FolderDiff\FolderDiff.csproj", "{C4A4A008-69E2-43CA-BA23-811E4B08A120}"
EndProject
Global
	GlobalSection(SolutionConfigurationPlatforms) = preSolution
		Debug|Any CPU = Debug|Any CPU
		Release|Any CPU = Release|Any CPU
	EndGlobalSection
	GlobalSection(ProjectConfigurationPlatforms) = postSolution
		{C4A4A008-69E2-43CA-BA23-811E4B08A120}.Debug|Any CPU.ActiveCfg = Debug|Any CPU
		{C4A4A008-69E2-43CA-BA23-811E4B08A120}.Debug|Any CPU.Build.0 = Debug|Any CPU
		{C4A4A008-69E2-43CA-BA23-811E4B08A120}.Release|Any CPU.ActiveCfg = Release|Any CPU
		{C4A4A008-69E2-43CA-BA23-811E4B08A120}.Release|Any CPU.Build.0 = Release|Any CPU
	EndGlobalSection
	GlobalSection(SolutionProperties) = preSolution
		HideSolutionNode = FALSE
	EndGlobalSection
	GlobalSection(ExtensibilityGlobals) = postSolution
		SolutionGuid = {2EFFFE61-B736-48C6-8C69-165AD86F67DB}
	EndGlobalSection
EndGlobal
